
Microsoft Visual Studio Solution File, Format Version 12.00
# Visual Studio Version 16
VisualStudioVersion = 16.0.31005.135
MinimumVisualStudioVersion = 10.0.40219.1
Project("{FAE04EC0-301F-11D3-BF4B-00C04F79EFBC}") = "EssentialTools", "EssentialTools\EssentialTools.csproj", "{0B6350E8-1A7B-43F4-A9F1-7FC5D1898AD3}"
EndProject
Global
	GlobalSection(SolutionConfigurationPlatforms) = preSolution
		Debug|Any CPU = Debug|Any CPU
		Release|Any CPU = Release|Any CPU
	EndGlobalSection
	GlobalSection(ProjectConfigurationPlatforms) = postSolution
		{0B6350E8-1A7B-43F4-A9F1-7FC5D1898AD3}.Debug|Any CPU.ActiveCfg = Debug|Any CPU
		{0B6350E8-1A7B-43F4-A9F1-7FC5D1898AD3}.Debug|Any CPU.Build.0 = Debug|Any CPU
		{0B6350E8-1A7B-43F4-A9F1-7FC5D1898AD3}.Release|Any CPU.ActiveCfg = Release|Any CPU
		{0B6350E8-1A7B-43F4-A9F1-7FC5D1898AD3}.Release|Any CPU.Build.0 = Release|Any CPU
	EndGlobalSection
	GlobalSection(SolutionProperties) = preSolution
		HideSolutionNode = FALSE
	EndGlobalSection
	GlobalSection(ExtensibilityGlobals) = postSolution
		SolutionGuid = {EE1353FF-769D-4C09-AAD0-F1BEC3FC5C70}
	EndGlobalSection
EndGlobal
